
Microsoft Visual Studio Solution File, Format Version 12.00
# Visual Studio Version 17
VisualStudioVersion = 17.4.33213.308
MinimumVisualStudioVersion = 10.0.40219.1
Project("{FAE04EC0-301F-11D3-BF4B-00C04F79EFBC}") = "Classwork March 27", "Classwork March 27\Classwork March 27.csproj", "{39385C9C-3B0B-4521-B1D4-790C8544A453}"
EndProject
Global
	GlobalSection(SolutionConfigurationPlatforms) = preSolution
		Debug|Any CPU = Debug|Any CPU
		Release|Any CPU = Release|Any CPU
	EndGlobalSection
	GlobalSection(ProjectConfigurationPlatforms) = postSolution
		{39385C9C-3B0B-4521-B1D4-790C8544A453}.Debug|Any CPU.ActiveCfg = Debug|Any CPU
		{39385C9C-3B0B-4521-B1D4-790C8544A453}.Debug|Any CPU.Build.0 = Debug|Any CPU
		{39385C9C-3B0B-4521-B1D4-790C8544A453}.Release|Any CPU.ActiveCfg = Release|Any CPU
		{39385C9C-3B0B-4521-B1D4-790C8544A453}.Release|Any CPU.Build.0 = Release|Any CPU
	EndGlobalSection
	GlobalSection(SolutionProperties) = preSolution
		HideSolutionNode = FALSE
	EndGlobalSection
	GlobalSection(ExtensibilityGlobals) = postSolution
		SolutionGuid = {388C324D-E4A9-4070-B4FB-935900321AD1}
	EndGlobalSection
EndGlobal
